
Microsoft Visual Studio Solution File, Format Version 12.00
# Visual Studio Version 16
VisualStudioVersion = 16.0.30621.155
MinimumVisualStudioVersion = 10.0.40219.1
Project("{FAE04EC0-301F-11D3-BF4B-00C04F79EFBC}") = "AgenciaPruebaMVC", "AgenciaPruebaMVC\AgenciaPruebaMVC.csproj", "{DA1C5CCC-C47B-467B-A0CF-FDF878D2EA38}"
EndProject
Global
	GlobalSection(SolutionConfigurationPlatforms) = preSolution
		Debug|Any CPU = Debug|Any CPU
		Release|Any CPU = Release|Any CPU
	EndGlobalSection
	GlobalSection(ProjectConfigurationPlatforms) = postSolution
		{DA1C5CCC-C47B-467B-A0CF-FDF878D2EA38}.Debug|Any CPU.ActiveCfg = Debug|Any CPU
		{DA1C5CCC-C47B-467B-A0CF-FDF878D2EA38}.Debug|Any CPU.Build.0 = Debug|Any CPU
		{DA1C5CCC-C47B-467B-A0CF-FDF878D2EA38}.Release|Any CPU.ActiveCfg = Release|Any CPU
		{DA1C5CCC-C47B-467B-A0CF-FDF878D2EA38}.Release|Any CPU.Build.0 = Release|Any CPU
	EndGlobalSection
	GlobalSection(SolutionProperties) = preSolution
		HideSolutionNode = FALSE
	EndGlobalSection
	GlobalSection(ExtensibilityGlobals) = postSolution
		SolutionGuid = {7DA2C77E-9CB6-41EF-B402-7C7BC88F08EC}
	EndGlobalSection
EndGlobal
